uuid: 8bdadcfd-b670-48f0-ace8-8d1c24215df9
langcode: en
status: true
dependencies:
  module:
    - weather_forecast
  theme:
    - bartik
id: weatherblock
theme: bartik
region: content
weight: 0
provider: null
plugin: weather_block
settings:
  id: weather_block
  label: 'Weather block'
  provider: weather_forecast
  label_display: visible
visibility: {  }
